// !$*UTF8*$!
{
	archiveVersion = 1;
	classes = {
	};
	objectVersion = 46;
	objects = {

/* Begin PBXBuildFile section */
		D06831FE18E916AD00995416 /* Parse.framework in Frameworks */ = {isa = PBXBuildFile; fileRef = D06831FD18E916AD00995416 /* Parse.framework */; };
		D068320818E916EE00995416 /* AudioToolbox.framework in Frameworks */ = {isa = PBXBuildFile; fileRef = D06831FF18E916EE00995416 /* AudioToolbox.framework */; };
		D068320918E916EE00995416 /* CFNetwork.framework in Frameworks */ = {isa = PBXBuildFile; fileRef = D068320018E916EE00995416 /* CFNetwork.framework */; };
		D068320A18E916EE00995416 /* CoreLocation.framework in Frameworks */ = {isa = PBXBuildFile; fileRef = D068320118E916EE00995416 /* CoreLocation.framework */; };
		D068320B18E916EE00995416 /* libz.dylib in Frameworks */ = {isa = PBXBuildFile; fileRef = D068320218E916EE00995416 /* libz.dylib */; };
		D068320C18E916EE00995416 /* MobileCoreServices.framework in Frameworks */ = {isa = PBXBuildFile; fileRef = D068320318E916EE00995416 /* MobileCoreServices.framework */; };
		D068320D18E916EE00995416 /* QuartzCore.framework in Frameworks */ = {isa = PBXBuildFile; fileRef = D068320418E916EE00995416 /* QuartzCore.framework */; };
		D068320E18E916EE00995416 /* Security.framework in Frameworks */ = {isa = PBXBuildFile; fileRef = D068320518E916EE00995416 /* Security.framework */; };
		D068320F18E916EE00995416 /* StoreKit.framework in Frameworks */ = {isa = PBXBuildFile; fileRef = D068320618E916EE00995416 /* StoreKit.framework */; };
		D068321018E916EE00995416 /* SystemConfiguration.framework in Frameworks */ = {isa = PBXBuildFile; fileRef = D068320718E916EE00995416 /* SystemConfiguration.framework */; };
		D09A634618E8BADD007B75E9 /* Crashlytics.framework in Frameworks */ = {isa = PBXBuildFile; fileRef = D09A634518E8BADD007B75E9 /* Crashlytics.framework */; };
		D0B4F04018D7F7DD000AE962 /* Foundation.framework in Frameworks */ = {isa = PBXBuildFile; fileRef = D0B4F03F18D7F7DD000AE962 /* Foundation.framework */; };
		D0B4F04218D7F7DD000AE962 /* CoreGraphics.framework in Frameworks */ = {isa = PBXBuildFile; fileRef = D0B4F04118D7F7DD000AE962 /* CoreGraphics.framework */; };
		D0B4F04418D7F7DD000AE962 /* UIKit.framework in Frameworks */ = {isa = PBXBuildFile; fileRef = D0B4F04318D7F7DD000AE962 /* UIKit.framework */; };
		D0B4F04A18D7F7DD000AE962 /* InfoPlist.strings in Resources */ = {isa = PBXBuildFile; fileRef = D0B4F04818D7F7DD000AE962 /* InfoPlist.strings */; };
		D0B4F04C18D7F7DD000AE962 /* main.m in Sources */ = {isa = PBXBuildFile; fileRef = D0B4F04B18D7F7DD000AE962 /* main.m */; };
		D0B4F05018D7F7DD000AE962 /* DDAppDelegate.m in Sources */ = {isa = PBXBuildFile; fileRef = D0B4F04F18D7F7DD000AE962 /* DDAppDelegate.m */; };
		D0B4F05318D7F7DD000AE962 /* Main.storyboard in Resources */ = {isa = PBXBuildFile; fileRef = D0B4F05118D7F7DD000AE962 /* Main.storyboard */; };
		D0B4F05B18D7F7DD000AE962 /* Images.xcassets in Resources */ = {isa = PBXBuildFile; fileRef = D0B4F05A18D7F7DD000AE962 /* Images.xcassets */; };
		D0B4F06218D7F7DD000AE962 /* XCTest.framework in Frameworks */ = {isa = PBXBuildFile; fileRef = D0B4F06118D7F7DD000AE962 /* XCTest.framework */; };
		D0B4F06318D7F7DD000AE962 /* Foundation.framework in Frameworks */ = {isa = PBXBuildFile; fileRef = D0B4F03F18D7F7DD000AE962 /* Foundation.framework */; };
		D0B4F06418D7F7DD000AE962 /* UIKit.framework in Frameworks */ = {isa = PBXBuildFile; fileRef = D0B4F04318D7F7DD000AE962 /* UIKit.framework */; };
		D0B4F06C18D7F7DD000AE962 /* InfoPlist.strings in Resources */ = {isa = PBXBuildFile; fileRef = D0B4F06A18D7F7DD000AE962 /* InfoPlist.strings */; };
		D0B4F06E18D7F7DD000AE962 /* DORMSdbTests.m in Sources */ = {isa = PBXBuildFile; fileRef = D0B4F06D18D7F7DD000AE962 /* DORMSdbTests.m */; };
/* End PBXBuildFile section */

/* Begin PBXContainerItemProxy section */
		D0B4F06518D7F7DD000AE962 /* PBXContainerItemProxy */ = {
			isa = PBXContainerItemProxy;
			containerPortal = D0B4F03418D7F7DD000AE962 /* Project object */;
			proxyType = 1;
			remoteGlobalIDString = D0B4F03B18D7F7DD000AE962;
			remoteInfo = DORMSdb;
		};
/* End PBXContainerItemProxy section */

/* Begin PBXFileReference section */
		D06831FD18E916AD00995416 /* Parse.framework */ = {isa = PBXFileReference; lastKnownFileType = wrapper.framework; path = Parse.framework; sourceTree = "<group>"; };
		D06831FF18E916EE00995416 /* AudioToolbox.framework */ = {isa = PBXFileReference; lastKnownFileType = wrapper.framework; name = AudioToolbox.framework; path = System/Library/Frameworks/AudioToolbox.framework; sourceTree = SDKROOT; };
		D068320018E916EE00995416 /* CFNetwork.framework */ = {isa = PBXFileReference; lastKnownFileType = wrapper.framework; name = CFNetwork.framework; path = System/Library/Frameworks/CFNetwork.framework; sourceTree = SDKROOT; };
		D068320118E916EE00995416 /* CoreLocation.framework */ = {isa = PBXFileReference; lastKnownFileType = wrapper.framework; name = CoreLocation.framework; path = System/Library/Frameworks/CoreLocation.framework; sourceTree = SDKROOT; };
		D068320218E916EE00995416 /* libz.dylib */ = {isa = PBXFileReference; lastKnownFileType = "compiled.mach-o.dylib"; name = libz.dylib; path = usr/lib/libz.dylib; sourceTree = SDKROOT; };
		D068320318E916EE00995416 /* MobileCoreServices.framework */ = {isa = PBXFileReference; lastKnownFileType = wrapper.framework; name = MobileCoreServices.framework; path = System/Library/Frameworks/MobileCoreServices.framework; sourceTree = SDKROOT; };
		D068320418E916EE00995416 /* QuartzCore.framework */ = {isa = PBXFileReference; lastKnownFileType = wrapper.framework; name = QuartzCore.framework; path = System/Library/Frameworks/QuartzCore.framework; sourceTree = SDKROOT; };
		D068320518E916EE00995416 /* Security.framework */ = {isa = PBXFileReference; lastKnownFileType = wrapper.framework; name = Security.framework; path = System/Library/Frameworks/Security.framework; sourceTree = SDKROOT; };
		D068320618E916EE00995416 /* StoreKit.framework */ = {isa = PBXFileReference; lastKnownFileType = wrapper.framework; name = StoreKit.framework; path = System/Library/Frameworks/StoreKit.framework; sourceTree = SDKROOT; };
		D068320718E916EE00995416 /* SystemConfiguration.framework */ = {isa = PBXFileReference; lastKnownFileType = wrapper.framework; name = SystemConfiguration.framework; path = System/Library/Frameworks/SystemConfiguration.framework; sourceTree = SDKROOT; };
		D09A634518E8BADD007B75E9 /* Crashlytics.framework */ = {isa = PBXFileReference; lastKnownFileType = wrapper.framework; path = Crashlytics.framework; sourceTree = "<group>"; };
		D0B4F03C18D7F7DD000AE962 /* DORMSDB.app */ = {isa = PBXFileReference; explicitFileType = wrapper.application; includeInIndex = 0; path = DORMSDB.app; sourceTree = BUILT_PRODUCTS_DIR; };
		D0B4F03F18D7F7DD000AE962 /* Foundation.framework */ = {isa = PBXFileReference; lastKnownFileType = wrapper.framework; name = Foundation.framework; path = System/Library/Frameworks/Foundation.framework; sourceTree = SDKROOT; };
		D0B4F04118D7F7DD000AE962 /* CoreGraphics.framework */ = {isa = PBXFileReference; lastKnownFileType = wrapper.framework; name = CoreGraphics.framework; path = System/Library/Frameworks/CoreGraphics.framework; sourceTree = SDKROOT; };
		D0B4F04318D7F7DD000AE962 /* UIKit.framework */ = {isa = PBXFileReference; lastKnownFileType = wrapper.framework; name = UIKit.framework; path = System/Library/Frameworks/UIKit.framework; sourceTree = SDKROOT; };
		D0B4F04718D7F7DD000AE962 /* DORMSDB.temp_caseinsensitive_rename-Info.plist */ = {isa = PBXFileReference; lastKnownFileType = text.plist.xml; path = "DORMSDB.temp_caseinsensitive_rename-Info.plist"; sourceTree = "<group>"; };
		D0B4F04918D7F7DD000AE962 /* en */ = {isa = PBXFileReference; lastKnownFileType = text.plist.strings; name = en; path = en.lproj/InfoPlist.strings; sourceTree = "<group>"; };
		D0B4F04B18D7F7DD000AE962 /* main.m */ = {isa = PBXFileReference; lastKnownFileType = sourcecode.c.objc; path = main.m; sourceTree = "<group>"; };
		D0B4F04D18D7F7DD000AE962 /* DORMSDB.temp_caseinsensitive_rename-Prefix.pch */ = {isa = PBXFileReference; lastKnownFileType = sourcecode.c.h; path = "DORMSDB.temp_caseinsensitive_rename-Prefix.pch"; sourceTree = "<group>"; };
		D0B4F04E18D7F7DD000AE962 /* DDAppDelegate.h */ = {isa = PBXFileReference; lastKnownFileType = sourcecode.c.h; path = DDAppDelegate.h; sourceTree = "<group>"; };
		D0B4F04F18D7F7DD000AE962 /* DDAppDelegate.m */ = {isa = PBXFileReference; lastKnownFileType = sourcecode.c.objc; path = DDAppDelegate.m; sourceTree = "<group>"; };
		D0B4F05218D7F7DD000AE962 /* Base */ = {isa = PBXFileReference; lastKnownFileType = file.storyboard; name = Base; path = Base.lproj/Main.storyboard; sourceTree = "<group>"; };
		D0B4F05A18D7F7DD000AE962 /* Images.xcassets */ = {isa = PBXFileReference; lastKnownFileType = folder.assetcatalog; path = Images.xcassets; sourceTree = "<group>"; };
		D0B4F06018D7F7DD000AE962 /* DORMSDB.temp_caseinsensitive_renameTests.xctest */ = {isa = PBXFileReference; explicitFileType = wrapper.cfbundle; includeInIndex = 0; path = DORMSDB.temp_caseinsensitive_renameTests.xctest; sourceTree = BUILT_PRODUCTS_DIR; };
		D0B4F06118D7F7DD000AE962 /* XCTest.framework */ = {isa = PBXFileReference; lastKnownFileType = wrapper.framework; name = XCTest.framework; path = Library/Frameworks/XCTest.framework; sourceTree = DEVELOPER_DIR; };
		D0B4F06918D7F7DD000AE962 /* DORMSDB.temp_caseinsensitive_renameTests-Info.plist */ = {isa = PBXFileReference; lastKnownFileType = text.plist.xml; path = "DORMSDB.temp_caseinsensitive_renameTests-Info.plist"; sourceTree = "<group>"; };
		D0B4F06B18D7F7DD000AE962 /* en */ = {isa = PBXFileReference; lastKnownFileType = text.plist.strings; name = en; path = en.lproj/InfoPlist.strings; sourceTree = "<group>"; };
		D0B4F06D18D7F7DD000AE962 /* DORMSdbTests.m */ = {isa = PBXFileReference; lastKnownFileType = sourcecode.c.objc; path = DORMSdbTests.m; sourceTree = "<group>"; };
/* End PBXFileReference section */

/* Begin PBXFrameworksBuildPhase section */
		D0B4F03918D7F7DD000AE962 /* Frameworks */ = {
			isa = PBXFrameworksBuildPhase;
			buildActionMask = 2147483647;
			files = (
				D068320818E916EE00995416 /* AudioToolbox.framework in Frameworks */,
				D068320918E916EE00995416 /* CFNetwork.framework in Frameworks */,
				D068320A18E916EE00995416 /* CoreLocation.framework in Frameworks */,
				D068320B18E916EE00995416 /* libz.dylib in Frameworks */,
				D068320C18E916EE00995416 /* MobileCoreServices.framework in Frameworks */,
				D068320D18E916EE00995416 /* QuartzCore.framework in Frameworks */,
				D068320E18E916EE00995416 /* Security.framework in Frameworks */,
				D068320F18E916EE00995416 /* StoreKit.framework in Frameworks */,
				D068321018E916EE00995416 /* SystemConfiguration.framework in Frameworks */,
				D0B4F04218D7F7DD000AE962 /* CoreGraphics.framework in Frameworks */,
				D06831FE18E916AD00995416 /* Parse.framework in Frameworks */,
				D0B4F04418D7F7DD000AE962 /* UIKit.framework in Frameworks */,
				D09A634618E8BADD007B75E9 /* Crashlytics.framework in Frameworks */,
				D0B4F04018D7F7DD000AE962 /* Foundation.framework in Frameworks */,
			);
			runOnlyForDeploymentPostprocessing = 0;
		};
		D0B4F05D18D7F7DD000AE962 /* Frameworks */ = {
			isa = PBXFrameworksBuildPhase;
			buildActionMask = 2147483647;
			files = (
				D0B4F06218D7F7DD000AE962 /* XCTest.framework in Frameworks */,
				D0B4F06418D7F7DD000AE962 /* UIKit.framework in Frameworks */,
				D0B4F06318D7F7DD000AE962 /* Foundation.framework in Frameworks */,
			);
			runOnlyForDeploymentPostprocessing = 0;
		};
/* End PBXFrameworksBuildPhase section */

/* Begin PBXGroup section */
		D0B4F03318D7F7DD000AE962 = {
			isa = PBXGroup;
			children = (
				D0B4F04518D7F7DD000AE962 /* DORMSdb */,
				D0B4F06718D7F7DD000AE962 /* DORMSdbTests */,
				D0B4F03E18D7F7DD000AE962 /* Frameworks */,
				D0B4F03D18D7F7DD000AE962 /* Products */,
			);
			sourceTree = "<group>";
		};
		D0B4F03D18D7F7DD000AE962 /* Products */ = {
			isa = PBXGroup;
			children = (
				D0B4F03C18D7F7DD000AE962 /* DORMSDB.app */,
				D0B4F06018D7F7DD000AE962 /* DORMSDB.temp_caseinsensitive_renameTests.xctest */,
			);
			name = Products;
			sourceTree = "<group>";
		};
		D0B4F03E18D7F7DD000AE962 /* Frameworks */ = {
			isa = PBXGroup;
			children = (
				D06831FF18E916EE00995416 /* AudioToolbox.framework */,
				D068320018E916EE00995416 /* CFNetwork.framework */,
				D068320118E916EE00995416 /* CoreLocation.framework */,
				D068320218E916EE00995416 /* libz.dylib */,
				D068320318E916EE00995416 /* MobileCoreServices.framework */,
				D068320418E916EE00995416 /* QuartzCore.framework */,
				D068320518E916EE00995416 /* Security.framework */,
				D068320618E916EE00995416 /* StoreKit.framework */,
				D068320718E916EE00995416 /* SystemConfiguration.framework */,
				D06831FD18E916AD00995416 /* Parse.framework */,
				D09A634518E8BADD007B75E9 /* Crashlytics.framework */,
				D0B4F03F18D7F7DD000AE962 /* Foundation.framework */,
				D0B4F04118D7F7DD000AE962 /* CoreGraphics.framework */,
				D0B4F04318D7F7DD000AE962 /* UIKit.framework */,
				D0B4F06118D7F7DD000AE962 /* XCTest.framework */,
			);
			name = Frameworks;
			sourceTree = "<group>";
		};
		D0B4F04518D7F7DD000AE962 /* DORMSdb */ = {
			isa = PBXGroup;
			children = (
				D0B4F05118D7F7DD000AE962 /* Main.storyboard */,
				D0B4F05A18D7F7DD000AE962 /* Images.xcassets */,
				D0B4F04618D7F7DD000AE962 /* Supporting Files */,
			);
			path = DORMSdb;
			sourceTree = "<group>";
		};
		D0B4F04618D7F7DD000AE962 /* Supporting Files */ = {
			isa = PBXGroup;
			children = (
				D0B4F04E18D7F7DD000AE962 /* DDAppDelegate.h */,
				D0B4F04F18D7F7DD000AE962 /* DDAppDelegate.m */,
				D0B4F04718D7F7DD000AE962 /* DORMSDB.temp_caseinsensitive_rename-Info.plist */,
				D0B4F04818D7F7DD000AE962 /* InfoPlist.strings */,
				D0B4F04B18D7F7DD000AE962 /* main.m */,
				D0B4F04D18D7F7DD000AE962 /* DORMSDB.temp_caseinsensitive_rename-Prefix.pch */,
			);
			name = "Supporting Files";
			sourceTree = "<group>";
		};
		D0B4F06718D7F7DD000AE962 /* DORMSdbTests */ = {
			isa = PBXGroup;
			children = (
				D0B4F06D18D7F7DD000AE962 /* DORMSdbTests.m */,
				D0B4F06818D7F7DD000AE962 /* Supporting Files */,
			);
			path = DORMSdbTests;
			sourceTree = "<group>";
		};
		D0B4F06818D7F7DD000AE962 /* Supporting Files */ = {
			isa = PBXGroup;
			children = (
				D0B4F06918D7F7DD000AE962 /* DORMSDB.temp_caseinsensitive_renameTests-Info.plist */,
				D0B4F06A18D7F7DD000AE962 /* InfoPlist.strings */,
			);
			name = "Supporting Files";
			sourceTree = "<group>";
		};
/* End PBXGroup section */

/* Begin PBXNativeTarget section */
		D0B4F03B18D7F7DD000AE962 /* DORMSDB.temp_caseinsensitive_rename */ = {
			isa = PBXNativeTarget;
			buildConfigurationList = D0B4F07118D7F7DD000AE962 /* Build configuration list for PBXNativeTarget "DORMSDB.temp_caseinsensitive_rename" */;
			buildPhases = (
				D0B4F03818D7F7DD000AE962 /* Sources */,
				D0B4F03918D7F7DD000AE962 /* Frameworks */,
				D0B4F03A18D7F7DD000AE962 /* Resources */,
				D09A634018E8B924007B75E9 /* ShellScript */,
			);
			buildRules = (
			);
			dependencies = (
			);
			name = DORMSDB.temp_caseinsensitive_rename;
			productName = DORMSdb;
			productReference = D0B4F03C18D7F7DD000AE962 /* DORMSDB.app */;
			productType = "com.apple.product-type.application";
		};
		D0B4F05F18D7F7DD000AE962 /* DORMSDB.temp_caseinsensitive_renameTests */ = {
			isa = PBXNativeTarget;
			buildConfigurationList = D0B4F07418D7F7DD000AE962 /* Build configuration list for PBXNativeTarget "DORMSDB.temp_caseinsensitive_renameTests" */;
			buildPhases = (
				D0B4F05C18D7F7DD000AE962 /* Sources */,
				D0B4F05D18D7F7DD000AE962 /* Frameworks */,
				D0B4F05E18D7F7DD000AE962 /* Resources */,
			);
			buildRules = (
			);
			dependencies = (
				D0B4F06618D7F7DD000AE962 /* PBXTargetDependency */,
			);
			name = DORMSDB.temp_caseinsensitive_renameTests;
			productName = DORMSdbTests;
			productReference = D0B4F06018D7F7DD000AE962 /* DORMSDB.temp_caseinsensitive_renameTests.xctest */;
			productType = "com.apple.product-type.bundle.unit-test";
		};
/* End PBXNativeTarget section */

/* Begin PBXProject section */
		D0B4F03418D7F7DD000AE962 /* Project object */ = {
			isa = PBXProject;
			attributes = {
				CLASSPREFIX = DD;
				LastUpgradeCheck = 0510;
				ORGANIZATIONNAME = "Alex Mitchell";
				TargetAttributes = {
					D0B4F03B18D7F7DD000AE962 = {
						DevelopmentTeam = H69TS4DPUJ;
					};
					D0B4F05F18D7F7DD000AE962 = {
						TestTargetID = D0B4F03B18D7F7DD000AE962;
					};
				};
			};
			buildConfigurationList = D0B4F03718D7F7DD000AE962 /* Build configuration list for PBXProject "DORMSDB" */;
			compatibilityVersion = "Xcode 3.2";
			developmentRegion = English;
			hasScannedForEncodings = 0;
			knownRegions = (
				en,
				Base,
			);
			mainGroup = D0B4F03318D7F7DD000AE962;
			productRefGroup = D0B4F03D18D7F7DD000AE962 /* Products */;
			projectDirPath = "";
			projectRoot = "";
			targets = (
				D0B4F03B18D7F7DD000AE962 /* DORMSDB.temp_caseinsensitive_rename */,
				D0B4F05F18D7F7DD000AE962 /* DORMSDB.temp_caseinsensitive_renameTests */,
			);
		};
/* End PBXProject section */

/* Begin PBXResourcesBuildPhase section */
		D0B4F03A18D7F7DD000AE962 /* Resources */ = {
			isa = PBXResourcesBuildPhase;
			buildActionMask = 2147483647;
			files = (
				D0B4F05B18D7F7DD000AE962 /* Images.xcassets in Resources */,
				D0B4F04A18D7F7DD000AE962 /* InfoPlist.strings in Resources */,
				D0B4F05318D7F7DD000AE962 /* Main.storyboard in Resources */,
			);
			runOnlyForDeploymentPostprocessing = 0;
		};
		D0B4F05E18D7F7DD000AE962 /* Resources */ = {
			isa = PBXResourcesBuildPhase;
			buildActionMask = 2147483647;
			files = (
				D0B4F06C18D7F7DD000AE962 /* InfoPlist.strings in Resources */,
			);
			runOnlyForDeploymentPostprocessing = 0;
		};
/* End PBXResourcesBuildPhase section */

/* Begin PBXShellScriptBuildPhase section */
		D09A634018E8B924007B75E9 /* ShellScript */ = {
			isa = PBXShellScriptBuildPhase;
			buildActionMask = 2147483647;
			files = (
			);
			inputPaths = (
			);
			outputPaths = (
			);
			runOnlyForDeploymentPostprocessing = 0;
			shellPath = /bin/sh;
			shellScript = "./Crashlytics.framework/run b7a2a503d3dffcb4aa1898c4a0bbe7472f4cfa2a fdde5c14daeae87e3064e91cf0f254fc35ae402c4153983b179af77f9c0ea801";
		};
/* End PBXShellScriptBuildPhase section */

/* Begin PBXSourcesBuildPhase section */
		D0B4F03818D7F7DD000AE962 /* Sources */ = {
			isa = PBXSourcesBuildPhase;
			buildActionMask = 2147483647;
			files = (
				D0B4F05018D7F7DD000AE962 /* DDAppDelegate.m in Sources */,
				D0B4F04C18D7F7DD000AE962 /* main.m in Sources */,
			);
			runOnlyForDeploymentPostprocessing = 0;
		};
		D0B4F05C18D7F7DD000AE962 /* Sources */ = {
			isa = PBXSourcesBuildPhase;
			buildActionMask = 2147483647;
			files = (
				D0B4F06E18D7F7DD000AE962 /* DORMSdbTests.m in Sources */,
			);
			runOnlyForDeploymentPostprocessing = 0;
		};
/* End PBXSourcesBuildPhase section */

/* Begin PBXTargetDependency section */
		D0B4F06618D7F7DD000AE962 /* PBXTargetDependency */ = {
			isa = PBXTargetDependency;
			target = D0B4F03B18D7F7DD000AE962 /* DORMSDB.temp_caseinsensitive_rename */;
			targetProxy = D0B4F06518D7F7DD000AE962 /* PBXContainerItemProxy */;
		};
/* End PBXTargetDependency section */

/* Begin PBXVariantGroup section */
		D0B4F04818D7F7DD000AE962 /* InfoPlist.strings */ = {
			isa = PBXVariantGroup;
			children = (
				D0B4F04918D7F7DD000AE962 /* en */,
			);
			name = InfoPlist.strings;
			sourceTree = "<group>";
		};
		D0B4F05118D7F7DD000AE962 /* Main.storyboard */ = {
			isa = PBXVariantGroup;
			children = (
				D0B4F05218D7F7DD000AE962 /* Base */,
			);
			name = Main.storyboard;
			sourceTree = "<group>";
		};
		D0B4F06A18D7F7DD000AE962 /* InfoPlist.strings */ = {
			isa = PBXVariantGroup;
			children = (
				D0B4F06B18D7F7DD000AE962 /* en */,
			);
			name = InfoPlist.strings;
			sourceTree = "<group>";
		};
/* End PBXVariantGroup section */

/* Begin XCBuildConfiguration section */
		D0B4F06F18D7F7DD000AE962 /* Debug */ = {
			isa = XCBuildConfiguration;
			buildSettings = {
				ALWAYS_SEARCH_USER_PATHS = NO;
				CLANG_CXX_LANGUAGE_STANDARD = "gnu++0x";
				CLANG_CXX_LIBRARY = "libc++";
				CLANG_ENABLE_MODULES = YES;
				CLANG_ENABLE_OBJC_ARC = YES;
				CLANG_WARN_BOOL_CONVERSION = YES;
				CLANG_WARN_CONSTANT_CONVERSION = YES;
				CLANG_WARN_DIRECT_OBJC_ISA_USAGE = YES_ERROR;
				CLANG_WARN_EMPTY_BODY = YES;
				CLANG_WARN_ENUM_CONVERSION = YES;
				CLANG_WARN_INT_CONVERSION = YES;
				CLANG_WARN_OBJC_ROOT_CLASS = YES_ERROR;
				CLANG_WARN__DUPLICATE_METHOD_MATCH = YES;
				"CODE_SIGN_IDENTITY[sdk=iphoneos*]" = "iPhone Developer";
				COPY_PHASE_STRIP = NO;
				GCC_C_LANGUAGE_STANDARD = gnu99;
				GCC_DYNAMIC_NO_PIC = NO;
				GCC_OPTIMIZATION_LEVEL = 0;
				GCC_PREPROCESSOR_DEFINITIONS = (
					"DEBUG=1",
					"$(inherited)",
				);
				GCC_SYMBOLS_PRIVATE_EXTERN = NO;
				GCC_WARN_64_TO_32_BIT_CONVERSION = YES;
				GCC_WARN_ABOUT_RETURN_TYPE = YES_ERROR;
				GCC_WARN_UNDECLARED_SELECTOR = YES;
				GCC_WARN_UNINITIALIZED_AUTOS = YES_AGGRESSIVE;
				GCC_WARN_UNUSED_FUNCTION = YES;
				GCC_WARN_UNUSED_VARIABLE = YES;
				IPHONEOS_DEPLOYMENT_TARGET = 7.1;
				ONLY_ACTIVE_ARCH = YES;
				SDKROOT = iphoneos;
			};
			name = Debug;
		};
		D0B4F07018D7F7DD000AE962 /* Release */ = {
			isa = XCBuildConfiguration;
			buildSettings = {
				ALWAYS_SEARCH_USER_PATHS = NO;
				CLANG_CXX_LANGUAGE_STANDARD = "gnu++0x";
				CLANG_CXX_LIBRARY = "libc++";
				CLANG_ENABLE_MODULES = YES;
				CLANG_ENABLE_OBJC_ARC = YES;
				CLANG_WARN_BOOL_CONVERSION = YES;
				CLANG_WARN_CONSTANT_CONVERSION = YES;
				CLANG_WARN_DIRECT_OBJC_ISA_USAGE = YES_ERROR;
				CLANG_WARN_EMPTY_BODY = YES;
				CLANG_WARN_ENUM_CONVERSION = YES;
				CLANG_WARN_INT_CONVERSION = YES;
				CLANG_WARN_OBJC_ROOT_CLASS = YES_ERROR;
				CLANG_WARN__DUPLICATE_METHOD_MATCH = YES;
				"CODE_SIGN_IDENTITY[sdk=iphoneos*]" = "iPhone Developer";
				COPY_PHASE_STRIP = YES;
				ENABLE_NS_ASSERTIONS = NO;
				GCC_C_LANGUAGE_STANDARD = gnu99;
				GCC_WARN_64_TO_32_BIT_CONVERSION = YES;
				GCC_WARN_ABOUT_RETURN_TYPE = YES_ERROR;
				GCC_WARN_UNDECLARED_SELECTOR = YES;
				GCC_WARN_UNINITIALIZED_AUTOS = YES_AGGRESSIVE;
				GCC_WARN_UNUSED_FUNCTION = YES;
				GCC_WARN_UNUSED_VARIABLE = YES;
				IPHONEOS_DEPLOYMENT_TARGET = 7.1;
				SDKROOT = iphoneos;
				VALIDATE_PRODUCT = YES;
			};
			name = Release;
		};
		D0B4F07218D7F7DD000AE962 /* Debug */ = {
			isa = XCBuildConfiguration;
			buildSettings = {
				ASSETCATALOG_COMPILER_APPICON_NAME = AppIcon;
				ASSETCATALOG_COMPILER_LAUNCHIMAGE_NAME = LaunchImage;
				CODE_SIGN_IDENTITY = "iPhone Developer";
				FRAMEWORK_SEARCH_PATHS = (
					"$(inherited)",
					"$(PROJECT_DIR)",
				);
				GCC_PRECOMPILE_PREFIX_HEADER = YES;
				GCC_PREFIX_HEADER = "DORMSdb/DORMSDB.temp_caseinsensitive_rename-Prefix.pch";
				INFOPLIST_FILE = "DORMSdb/DORMSDB.temp_caseinsensitive_rename-Info.plist";
				PRODUCT_NAME = DORMSDB;
				WRAPPER_EXTENSION = app;
			};
			name = Debug;
		};
		D0B4F07318D7F7DD000AE962 /* Release */ = {
			isa = XCBuildConfiguration;
			buildSettings = {
				ASSETCATALOG_COMPILER_APPICON_NAME = AppIcon;
				ASSETCATALOG_COMPILER_LAUNCHIMAGE_NAME = LaunchImage;
				CODE_SIGN_IDENTITY = "iPhone Developer";
				FRAMEWORK_SEARCH_PATHS = (
					"$(inherited)",
					"$(PROJECT_DIR)",
				);
				GCC_PRECOMPILE_PREFIX_HEADER = YES;
				GCC_PREFIX_HEADER = "DORMSdb/DORMSDB.temp_caseinsensitive_rename-Prefix.pch";
				INFOPLIST_FILE = "DORMSdb/DORMSDB.temp_caseinsensitive_rename-Info.plist";
				PRODUCT_NAME = DORMSDB;
				WRAPPER_EXTENSION = app;
			};
			name = Release;
		};
		D0B4F07518D7F7DD000AE962 /* Debug */ = {
			isa = XCBuildConfiguration;
			buildSettings = {
				BUNDLE_LOADER = "$(BUILT_PRODUCTS_DIR)/DORMSdb.app/DORMSdb";
				FRAMEWORK_SEARCH_PATHS = (
					"$(SDKROOT)/Developer/Library/Frameworks",
					"$(inherited)",
					"$(DEVELOPER_FRAMEWORKS_DIR)",
				);
				GCC_PRECOMPILE_PREFIX_HEADER = YES;
				GCC_PREFIX_HEADER = "DORMSdb/DORMSdb-Prefix.pch";
				GCC_PREPROCESSOR_DEFINITIONS = (
					"DEBUG=1",
					"$(inherited)",
				);
				INFOPLIST_FILE = "DORMSdbTests/DORMSDB.temp_caseinsensitive_renameTests-Info.plist";
				PRODUCT_NAME = DORMSDB.temp_caseinsensitive_renameTests;
				TEST_HOST = "$(BUNDLE_LOADER)";
				WRAPPER_EXTENSION = xctest;
			};
			name = Debug;
		};
		D0B4F07618D7F7DD000AE962 /* Release */ = {
			isa = XCBuildConfiguration;
			buildSettings = {
				BUNDLE_LOADER = "$(BUILT_PRODUCTS_DIR)/DORMSdb.app/DORMSdb";
				FRAMEWORK_SEARCH_PATHS = (
					"$(SDKROOT)/Developer/Library/Frameworks",
					"$(inherited)",
					"$(DEVELOPER_FRAMEWORKS_DIR)",
				);
				GCC_PRECOMPILE_PREFIX_HEADER = YES;
				GCC_PREFIX_HEADER = "DORMSdb/DORMSdb-Prefix.pch";
				INFOPLIST_FILE = "DORMSdbTests/DORMSDB.temp_caseinsensitive_renameTests-Info.plist";
				PRODUCT_NAME = DORMSDB.temp_caseinsensitive_renameTests;
				TEST_HOST = "$(BUNDLE_LOADER)";
				WRAPPER_EXTENSION = xctest;
			};
			name = Release;
		};
/* End XCBuildConfiguration section */

/* Begin XCConfigurationList section */
		D0B4F03718D7F7DD000AE962 /* Build configuration list for PBXProject "DORMSDB" */ = {
			isa = XCConfigurationList;
			buildConfigurations = (
				D0B4F06F18D7F7DD000AE962 /* Debug */,
				D0B4F07018D7F7DD000AE962 /* Release */,
			);
			defaultConfigurationIsVisible = 0;
			defaultConfigurationName = Release;
		};
		D0B4F07118D7F7DD000AE962 /* Build configuration list for PBXNativeTarget "DORMSDB.temp_caseinsensitive_rename" */ = {
			isa = XCConfigurationList;
			buildConfigurations = (
				D0B4F07218D7F7DD000AE962 /* Debug */,
				D0B4F07318D7F7DD000AE962 /* Release */,
			);
			defaultConfigurationIsVisible = 0;
			defaultConfigurationName = Release;
		};
		D0B4F07418D7F7DD000AE962 /* Build configuration list for PBXNativeTarget "DORMSDB.temp_caseinsensitive_renameTests" */ = {
			isa = XCConfigurationList;
			buildConfigurations = (
				D0B4F07518D7F7DD000AE962 /* Debug */,
				D0B4F07618D7F7DD000AE962 /* Release */,
			);
			defaultConfigurationIsVisible = 0;
			defaultConfigurationName = Release;
		};
/* End XCConfigurationList section */
	};
	rootObject = D0B4F03418D7F7DD000AE962 /* Project object */;
}
