// !$*UTF8*$!
{
	archiveVersion = 1;
	classes = {
	};
	objectVersion = 46;
	objects = {

/* Begin PBXBuildFile section */
		D025B19A1971F00C00AFB45B /* AppDelegate.swift in Sources */ = {isa = PBXBuildFile; fileRef = D025B1991971F00C00AFB45B /* AppDelegate.swift */; };
		D025B19F1971F00C00AFB45B /* Main.storyboard in Resources */ = {isa = PBXBuildFile; fileRef = D025B19D1971F00C00AFB45B /* Main.storyboard */; };
		D025B1A11971F00C00AFB45B /* Images.xcassets in Resources */ = {isa = PBXBuildFile; fileRef = D025B1A01971F00C00AFB45B /* Images.xcassets */; };
		D025B1AD1971F00C00AFB45B /* DORMSDBTests.swift in Sources */ = {isa = PBXBuildFile; fileRef = D025B1AC1971F00C00AFB45B /* DORMSDBTests.swift */; };
		D025B1B81971F13600AFB45B /* Crashlytics.framework in Frameworks */ = {isa = PBXBuildFile; fileRef = D025B1B61971F13600AFB45B /* Crashlytics.framework */; };
		D025B1B91971F13600AFB45B /* Parse.framework in Frameworks */ = {isa = PBXBuildFile; fileRef = D025B1B71971F13600AFB45B /* Parse.framework */; };
		D025B1C21971FA2500AFB45B /* resultsViewController.swift in Sources */ = {isa = PBXBuildFile; fileRef = D025B1C11971FA2500AFB45B /* resultsViewController.swift */; };
/* End PBXBuildFile section */

/* Begin PBXContainerItemProxy section */
		D025B1A71971F00C00AFB45B /* PBXContainerItemProxy */ = {
			isa = PBXContainerItemProxy;
			containerPortal = D025B18C1971F00C00AFB45B /* Project object */;
			proxyType = 1;
			remoteGlobalIDString = D025B1931971F00C00AFB45B;
			remoteInfo = DORMSDB;
		};
/* End PBXContainerItemProxy section */

/* Begin PBXFileReference section */
		D025B1941971F00C00AFB45B /* DORMSDB.app */ = {isa = PBXFileReference; explicitFileType = wrapper.application; includeInIndex = 0; path = DORMSDB.app; sourceTree = BUILT_PRODUCTS_DIR; };
		D025B1981971F00C00AFB45B /* Info.plist */ = {isa = PBXFileReference; lastKnownFileType = text.plist.xml; path = Info.plist; sourceTree = "<group>"; };
		D025B1991971F00C00AFB45B /* AppDelegate.swift */ = {isa = PBXFileReference; lastKnownFileType = sourcecode.swift; path = AppDelegate.swift; sourceTree = "<group>"; };
		D025B19E1971F00C00AFB45B /* Base */ = {isa = PBXFileReference; lastKnownFileType = file.storyboard; name = Base; path = Base.lproj/Main.storyboard; sourceTree = "<group>"; };
		D025B1A01971F00C00AFB45B /* Images.xcassets */ = {isa = PBXFileReference; lastKnownFileType = folder.assetcatalog; path = Images.xcassets; sourceTree = "<group>"; };
		D025B1A61971F00C00AFB45B /* DORMSDBTests.xctest */ = {isa = PBXFileReference; explicitFileType = wrapper.cfbundle; includeInIndex = 0; path = DORMSDBTests.xctest; sourceTree = BUILT_PRODUCTS_DIR; };
		D025B1AB1971F00C00AFB45B /* Info.plist */ = {isa = PBXFileReference; lastKnownFileType = text.plist.xml; path = Info.plist; sourceTree = "<group>"; };
		D025B1AC1971F00C00AFB45B /* DORMSDBTests.swift */ = {isa = PBXFileReference; lastKnownFileType = sourcecode.swift; path = DORMSDBTests.swift; sourceTree = "<group>"; };
		D025B1B61971F13600AFB45B /* Crashlytics.framework */ = {isa = PBXFileReference; lastKnownFileType = wrapper.framework; name = Crashlytics.framework; path = ../Crashlytics.framework; sourceTree = "<group>"; };
		D025B1B71971F13600AFB45B /* Parse.framework */ = {isa = PBXFileReference; lastKnownFileType = wrapper.framework; name = Parse.framework; path = ../Parse.framework; sourceTree = "<group>"; };
		D025B1C11971FA2500AFB45B /* resultsViewController.swift */ = {isa = PBXFileReference; fileEncoding = 4; lastKnownFileType = sourcecode.swift; path = resultsViewController.swift; sourceTree = "<group>"; };
/* End PBXFileReference section */

/* Begin PBXFrameworksBuildPhase section */
		D025B1911971F00C00AFB45B /* Frameworks */ = {
			isa = PBXFrameworksBuildPhase;
			buildActionMask = 2147483647;
			files = (
				D025B1B81971F13600AFB45B /* Crashlytics.framework in Frameworks */,
				D025B1B91971F13600AFB45B /* Parse.framework in Frameworks */,
			);
			runOnlyForDeploymentPostprocessing = 0;
		};
		D025B1A31971F00C00AFB45B /* Frameworks */ = {
			isa = PBXFrameworksBuildPhase;
			buildActionMask = 2147483647;
			files = (
			);
			runOnlyForDeploymentPostprocessing = 0;
		};
/* End PBXFrameworksBuildPhase section */

/* Begin PBXGroup section */
		D025B18B1971F00C00AFB45B = {
			isa = PBXGroup;
			children = (
				D025B1C11971FA2500AFB45B /* resultsViewController.swift */,
				D025B1B61971F13600AFB45B /* Crashlytics.framework */,
				D025B1B71971F13600AFB45B /* Parse.framework */,
				D025B1961971F00C00AFB45B /* DORMSDB */,
				D025B1A91971F00C00AFB45B /* DORMSDBTests */,
				D025B1951971F00C00AFB45B /* Products */,
			);
			sourceTree = "<group>";
		};
		D025B1951971F00C00AFB45B /* Products */ = {
			isa = PBXGroup;
			children = (
				D025B1941971F00C00AFB45B /* DORMSDB.app */,
				D025B1A61971F00C00AFB45B /* DORMSDBTests.xctest */,
			);
			name = Products;
			sourceTree = "<group>";
		};
		D025B1961971F00C00AFB45B /* DORMSDB */ = {
			isa = PBXGroup;
			children = (
				D025B1991971F00C00AFB45B /* AppDelegate.swift */,
				D025B19D1971F00C00AFB45B /* Main.storyboard */,
				D025B1A01971F00C00AFB45B /* Images.xcassets */,
				D025B1971971F00C00AFB45B /* Supporting Files */,
			);
			path = DORMSDB;
			sourceTree = "<group>";
		};
		D025B1971971F00C00AFB45B /* Supporting Files */ = {
			isa = PBXGroup;
			children = (
				D025B1981971F00C00AFB45B /* Info.plist */,
			);
			name = "Supporting Files";
			sourceTree = "<group>";
		};
		D025B1A91971F00C00AFB45B /* DORMSDBTests */ = {
			isa = PBXGroup;
			children = (
				D025B1AC1971F00C00AFB45B /* DORMSDBTests.swift */,
				D025B1AA1971F00C00AFB45B /* Supporting Files */,
			);
			path = DORMSDBTests;
			sourceTree = "<group>";
		};
		D025B1AA1971F00C00AFB45B /* Supporting Files */ = {
			isa = PBXGroup;
			children = (
				D025B1AB1971F00C00AFB45B /* Info.plist */,
			);
			name = "Supporting Files";
			sourceTree = "<group>";
		};
/* End PBXGroup section */

/* Begin PBXNativeTarget section */
		D025B1931971F00C00AFB45B /* DORMSDB */ = {
			isa = PBXNativeTarget;
			buildConfigurationList = D025B1B01971F00C00AFB45B /* Build configuration list for PBXNativeTarget "DORMSDB" */;
			buildPhases = (
				D025B1901971F00C00AFB45B /* Sources */,
				D025B1911971F00C00AFB45B /* Frameworks */,
				D025B1921971F00C00AFB45B /* Resources */,
				D025B1BA1971F21C00AFB45B /* ShellScript */,
			);
			buildRules = (
			);
			dependencies = (
			);
			name = DORMSDB;
			productName = DORMSDB;
			productReference = D025B1941971F00C00AFB45B /* DORMSDB.app */;
			productType = "com.apple.product-type.application";
		};
		D025B1A51971F00C00AFB45B /* DORMSDBTests */ = {
			isa = PBXNativeTarget;
			buildConfigurationList = D025B1B31971F00C00AFB45B /* Build configuration list for PBXNativeTarget "DORMSDBTests" */;
			buildPhases = (
				D025B1A21971F00C00AFB45B /* Sources */,
				D025B1A31971F00C00AFB45B /* Frameworks */,
				D025B1A41971F00C00AFB45B /* Resources */,
			);
			buildRules = (
			);
			dependencies = (
				D025B1A81971F00C00AFB45B /* PBXTargetDependency */,
			);
			name = DORMSDBTests;
			productName = DORMSDBTests;
			productReference = D025B1A61971F00C00AFB45B /* DORMSDBTests.xctest */;
			productType = "com.apple.product-type.bundle.unit-test";
		};
/* End PBXNativeTarget section */

/* Begin PBXProject section */
		D025B18C1971F00C00AFB45B /* Project object */ = {
			isa = PBXProject;
			attributes = {
				LastUpgradeCheck = 0600;
				ORGANIZATIONNAME = "Alex Mitchell";
				TargetAttributes = {
					D025B1931971F00C00AFB45B = {
						CreatedOnToolsVersion = 6.0;
					};
					D025B1A51971F00C00AFB45B = {
						CreatedOnToolsVersion = 6.0;
						TestTargetID = D025B1931971F00C00AFB45B;
					};
				};
			};
			buildConfigurationList = D025B18F1971F00C00AFB45B /* Build configuration list for PBXProject "DORMSDB" */;
			compatibilityVersion = "Xcode 3.2";
			developmentRegion = English;
			hasScannedForEncodings = 0;
			knownRegions = (
				en,
				Base,
			);
			mainGroup = D025B18B1971F00C00AFB45B;
			productRefGroup = D025B1951971F00C00AFB45B /* Products */;
			projectDirPath = "";
			projectRoot = "";
			targets = (
				D025B1931971F00C00AFB45B /* DORMSDB */,
				D025B1A51971F00C00AFB45B /* DORMSDBTests */,
			);
		};
/* End PBXProject section */

/* Begin PBXResourcesBuildPhase section */
		D025B1921971F00C00AFB45B /* Resources */ = {
			isa = PBXResourcesBuildPhase;
			buildActionMask = 2147483647;
			files = (
				D025B19F1971F00C00AFB45B /* Main.storyboard in Resources */,
				D025B1A11971F00C00AFB45B /* Images.xcassets in Resources */,
			);
			runOnlyForDeploymentPostprocessing = 0;
		};
		D025B1A41971F00C00AFB45B /* Resources */ = {
			isa = PBXResourcesBuildPhase;
			buildActionMask = 2147483647;
			files = (
			);
			runOnlyForDeploymentPostprocessing = 0;
		};
/* End PBXResourcesBuildPhase section */

/* Begin PBXShellScriptBuildPhase section */
		D025B1BA1971F21C00AFB45B /* ShellScript */ = {
			isa = PBXShellScriptBuildPhase;
			buildActionMask = 2147483647;
			files = (
			);
			inputPaths = (
			);
			outputPaths = (
			);
			runOnlyForDeploymentPostprocessing = 0;
			shellPath = /bin/sh;
			shellScript = "./Crashlytics.framework/run b7a2a503d3dffcb4aa1898c4a0bbe7472f4cfa2a fdde5c14daeae87e3064e91cf0f254fc35ae402c4153983b179af77f9c0ea801";
		};
/* End PBXShellScriptBuildPhase section */

/* Begin PBXSourcesBuildPhase section */
		D025B1901971F00C00AFB45B /* Sources */ = {
			isa = PBXSourcesBuildPhase;
			buildActionMask = 2147483647;
			files = (
				D025B19A1971F00C00AFB45B /* AppDelegate.swift in Sources */,
				D025B1C21971FA2500AFB45B /* resultsViewController.swift in Sources */,
			);
			runOnlyForDeploymentPostprocessing = 0;
		};
		D025B1A21971F00C00AFB45B /* Sources */ = {
			isa = PBXSourcesBuildPhase;
			buildActionMask = 2147483647;
			files = (
				D025B1AD1971F00C00AFB45B /* DORMSDBTests.swift in Sources */,
			);
			runOnlyForDeploymentPostprocessing = 0;
		};
/* End PBXSourcesBuildPhase section */

/* Begin PBXTargetDependency section */
		D025B1A81971F00C00AFB45B /* PBXTargetDependency */ = {
			isa = PBXTargetDependency;
			target = D025B1931971F00C00AFB45B /* DORMSDB */;
			targetProxy = D025B1A71971F00C00AFB45B /* PBXContainerItemProxy */;
		};
/* End PBXTargetDependency section */

/* Begin PBXVariantGroup section */
		D025B19D1971F00C00AFB45B /* Main.storyboard */ = {
			isa = PBXVariantGroup;
			children = (
				D025B19E1971F00C00AFB45B /* Base */,
			);
			name = Main.storyboard;
			sourceTree = "<group>";
		};
/* End PBXVariantGroup section */

/* Begin XCBuildConfiguration section */
		D025B1AE1971F00C00AFB45B /* Debug */ = {
			isa = XCBuildConfiguration;
			buildSettings = {
				ALWAYS_SEARCH_USER_PATHS = NO;
				CLANG_CXX_LANGUAGE_STANDARD = "gnu++0x";
				CLANG_CXX_LIBRARY = "libc++";
				CLANG_ENABLE_MODULES = YES;
				CLANG_ENABLE_OBJC_ARC = YES;
				CLANG_WARN_BOOL_CONVERSION = YES;
				CLANG_WARN_CONSTANT_CONVERSION = YES;
				CLANG_WARN_DIRECT_OBJC_ISA_USAGE = YES_ERROR;
				CLANG_WARN_EMPTY_BODY = YES;
				CLANG_WARN_ENUM_CONVERSION = YES;
				CLANG_WARN_INT_CONVERSION = YES;
				CLANG_WARN_OBJC_ROOT_CLASS = YES_ERROR;
				CLANG_WARN_UNREACHABLE_CODE = YES;
				CLANG_WARN__DUPLICATE_METHOD_MATCH = YES;
				"CODE_SIGN_IDENTITY[sdk=iphoneos*]" = "iPhone Developer";
				COPY_PHASE_STRIP = NO;
				ENABLE_STRICT_OBJC_MSGSEND = YES;
				GCC_C_LANGUAGE_STANDARD = gnu99;
				GCC_DYNAMIC_NO_PIC = NO;
				GCC_OPTIMIZATION_LEVEL = 0;
				GCC_PREPROCESSOR_DEFINITIONS = (
					"DEBUG=1",
					"$(inherited)",
				);
				GCC_SYMBOLS_PRIVATE_EXTERN = NO;
				GCC_WARN_64_TO_32_BIT_CONVERSION = YES;
				GCC_WARN_ABOUT_RETURN_TYPE = YES_ERROR;
				GCC_WARN_UNDECLARED_SELECTOR = YES;
				GCC_WARN_UNINITIALIZED_AUTOS = YES_AGGRESSIVE;
				GCC_WARN_UNUSED_FUNCTION = YES;
				GCC_WARN_UNUSED_VARIABLE = YES;
				IPHONEOS_DEPLOYMENT_TARGET = 8.0;
				METAL_ENABLE_DEBUG_INFO = YES;
				ONLY_ACTIVE_ARCH = YES;
				SDKROOT = iphoneos;
				SWIFT_OPTIMIZATION_LEVEL = "-Onone";
			};
			name = Debug;
		};
		D025B1AF1971F00C00AFB45B /* Release */ = {
			isa = XCBuildConfiguration;
			buildSettings = {
				ALWAYS_SEARCH_USER_PATHS = NO;
				CLANG_CXX_LANGUAGE_STANDARD = "gnu++0x";
				CLANG_CXX_LIBRARY = "libc++";
				CLANG_ENABLE_MODULES = YES;
				CLANG_ENABLE_OBJC_ARC = YES;
				CLANG_WARN_BOOL_CONVERSION = YES;
				CLANG_WARN_CONSTANT_CONVERSION = YES;
				CLANG_WARN_DIRECT_OBJC_ISA_USAGE = YES_ERROR;
				CLANG_WARN_EMPTY_BODY = YES;
				CLANG_WARN_ENUM_CONVERSION = YES;
				CLANG_WARN_INT_CONVERSION = YES;
				CLANG_WARN_OBJC_ROOT_CLASS = YES_ERROR;
				CLANG_WARN_UNREACHABLE_CODE = YES;
				CLANG_WARN__DUPLICATE_METHOD_MATCH = YES;
				"CODE_SIGN_IDENTITY[sdk=iphoneos*]" = "iPhone Developer";
				COPY_PHASE_STRIP = YES;
				ENABLE_NS_ASSERTIONS = NO;
				ENABLE_STRICT_OBJC_MSGSEND = YES;
				GCC_C_LANGUAGE_STANDARD = gnu99;
				GCC_WARN_64_TO_32_BIT_CONVERSION = YES;
				GCC_WARN_ABOUT_RETURN_TYPE = YES_ERROR;
				GCC_WARN_UNDECLARED_SELECTOR = YES;
				GCC_WARN_UNINITIALIZED_AUTOS = YES_AGGRESSIVE;
				GCC_WARN_UNUSED_FUNCTION = YES;
				GCC_WARN_UNUSED_VARIABLE = YES;
				IPHONEOS_DEPLOYMENT_TARGET = 8.0;
				METAL_ENABLE_DEBUG_INFO = NO;
				SDKROOT = iphoneos;
				VALIDATE_PRODUCT = YES;
			};
			name = Release;
		};
		D025B1B11971F00C00AFB45B /* Debug */ = {
			isa = XCBuildConfiguration;
			buildSettings = {
				ASSETCATALOG_COMPILER_APPICON_NAME = AppIcon;
				ASSETCATALOG_COMPILER_LAUNCHIMAGE_NAME = LaunchImage;
				FRAMEWORK_SEARCH_PATHS = (
					"$(inherited)",
					/Users/alexmitchell/Development/DORMSDB/iOS,
				);
				INFOPLIST_FILE = DORMSDB/Info.plist;
				LD_RUNPATH_SEARCH_PATHS = "$(inherited) @executable_path/Frameworks";
				PRODUCT_NAME = "$(TARGET_NAME)";
			};
			name = Debug;
		};
		D025B1B21971F00C00AFB45B /* Release */ = {
			isa = XCBuildConfiguration;
			buildSettings = {
				ASSETCATALOG_COMPILER_APPICON_NAME = AppIcon;
				ASSETCATALOG_COMPILER_LAUNCHIMAGE_NAME = LaunchImage;
				FRAMEWORK_SEARCH_PATHS = (
					"$(inherited)",
					/Users/alexmitchell/Development/DORMSDB/iOS,
				);
				INFOPLIST_FILE = DORMSDB/Info.plist;
				LD_RUNPATH_SEARCH_PATHS = "$(inherited) @executable_path/Frameworks";
				PRODUCT_NAME = "$(TARGET_NAME)";
			};
			name = Release;
		};
		D025B1B41971F00C00AFB45B /* Debug */ = {
			isa = XCBuildConfiguration;
			buildSettings = {
				BUNDLE_LOADER = "$(BUILT_PRODUCTS_DIR)/DORMSDB.app/DORMSDB";
				FRAMEWORK_SEARCH_PATHS = (
					"$(SDKROOT)/Developer/Library/Frameworks",
					"$(inherited)",
				);
				GCC_PREPROCESSOR_DEFINITIONS = (
					"DEBUG=1",
					"$(inherited)",
				);
				INFOPLIST_FILE = DORMSDBTests/Info.plist;
				LD_RUNPATH_SEARCH_PATHS = "$(inherited) @executable_path/Frameworks @loader_path/Frameworks";
				METAL_ENABLE_DEBUG_INFO = YES;
				PRODUCT_NAME = "$(TARGET_NAME)";
				TEST_HOST = "$(BUNDLE_LOADER)";
			};
			name = Debug;
		};
		D025B1B51971F00C00AFB45B /* Release */ = {
			isa = XCBuildConfiguration;
			buildSettings = {
				BUNDLE_LOADER = "$(BUILT_PRODUCTS_DIR)/DORMSDB.app/DORMSDB";
				FRAMEWORK_SEARCH_PATHS = (
					"$(SDKROOT)/Developer/Library/Frameworks",
					"$(inherited)",
				);
				INFOPLIST_FILE = DORMSDBTests/Info.plist;
				LD_RUNPATH_SEARCH_PATHS = "$(inherited) @executable_path/Frameworks @loader_path/Frameworks";
				METAL_ENABLE_DEBUG_INFO = NO;
				PRODUCT_NAME = "$(TARGET_NAME)";
				TEST_HOST = "$(BUNDLE_LOADER)";
			};
			name = Release;
		};
/* End XCBuildConfiguration section */

/* Begin XCConfigurationList section */
		D025B18F1971F00C00AFB45B /* Build configuration list for PBXProject "DORMSDB" */ = {
			isa = XCConfigurationList;
			buildConfigurations = (
				D025B1AE1971F00C00AFB45B /* Debug */,
				D025B1AF1971F00C00AFB45B /* Release */,
			);
			defaultConfigurationIsVisible = 0;
			defaultConfigurationName = Release;
		};
		D025B1B01971F00C00AFB45B /* Build configuration list for PBXNativeTarget "DORMSDB" */ = {
			isa = XCConfigurationList;
			buildConfigurations = (
				D025B1B11971F00C00AFB45B /* Debug */,
				D025B1B21971F00C00AFB45B /* Release */,
			);
			defaultConfigurationIsVisible = 0;
		};
		D025B1B31971F00C00AFB45B /* Build configuration list for PBXNativeTarget "DORMSDBTests" */ = {
			isa = XCConfigurationList;
			buildConfigurations = (
				D025B1B41971F00C00AFB45B /* Debug */,
				D025B1B51971F00C00AFB45B /* Release */,
			);
			defaultConfigurationIsVisible = 0;
		};
/* End XCConfigurationList section */
	};
	rootObject = D025B18C1971F00C00AFB45B /* Project object */;
}
